// !$*UTF8*$!
{
	archiveVersion = 1;
	classes = {
	};
	objectVersion = 56;
	objects = {

/* Begin PBXBuildFile section */
		5B4C334E2B6CC2310099BC22 /* UIViewController+Extension.swift in Sources */ = {isa = PBXBuildFile; fileRef = 5B4C334D2B6CC2310099BC22 /* UIViewController+Extension.swift */; };
		5B4C33502B6CCBEC0099BC22 /* UIView+Extension.swift in Sources */ = {isa = PBXBuildFile; fileRef = 5B4C334F2B6CCBEC0099BC22 /* UIView+Extension.swift */; };
		5B4C335E2B6CCE880099BC22 /* PagerUsingUIPageVC.swift in Sources */ = {isa = PBXBuildFile; fileRef = 5B4C335D2B6CCE880099BC22 /* PagerUsingUIPageVC.swift */; };
		5B4C33602B6CCE980099BC22 /* PagerUsingUIScrollVC.swift in Sources */ = {isa = PBXBuildFile; fileRef = 5B4C335F2B6CCE980099BC22 /* PagerUsingUIScrollVC.swift */; };
		5B4C33622B6CCEA10099BC22 /* PagerUsingUICollectionVC.swift in Sources */ = {isa = PBXBuildFile; fileRef = 5B4C33612B6CCEA10099BC22 /* PagerUsingUICollectionVC.swift */; };
		5B4C33642B6CE0F50099BC22 /* BasePageViewController.swift in Sources */ = {isa = PBXBuildFile; fileRef = 5B4C33632B6CE0F50099BC22 /* BasePageViewController.swift */; };
		5B56666F2B6E1E2900EE904A /* UserDefaultManager.swift in Sources */ = {isa = PBXBuildFile; fileRef = 5B56666E2B6E1E2900EE904A /* UserDefaultManager.swift */; };
		5B5666712B6E1E3500EE904A /* UserDefaultWrapper.swift in Sources */ = {isa = PBXBuildFile; fileRef = 5B5666702B6E1E3500EE904A /* UserDefaultWrapper.swift */; };
		5B5666732B6E227100EE904A /* OnboardingViewController.swift in Sources */ = {isa = PBXBuildFile; fileRef = 5B5666722B6E227100EE904A /* OnboardingViewController.swift */; };
		5B5956742B6BF1330085F573 /* AggregateCreditsEntity.swift in Sources */ = {isa = PBXBuildFile; fileRef = 5B5956732B6BF1330085F573 /* AggregateCreditsEntity.swift */; };
		5B6554342B6A92E6001815F5 /* UIView+addSubviews.swift in Sources */ = {isa = PBXBuildFile; fileRef = 5B6554332B6A92E6001815F5 /* UIView+addSubviews.swift */; };
		5B6554362B6A9638001815F5 /* DramaSearchViewController.swift in Sources */ = {isa = PBXBuildFile; fileRef = 5B6554352B6A9638001815F5 /* DramaSearchViewController.swift */; };
		5B742C4F2B69CF580083E804 /* TMDbAPIResponse.swift in Sources */ = {isa = PBXBuildFile; fileRef = 5B742C4E2B69CF580083E804 /* TMDbAPIResponse.swift */; };
		5B742C5A2B69EAF10083E804 /* AppService.swift in Sources */ = {isa = PBXBuildFile; fileRef = 5B742C592B69EAF10083E804 /* AppService.swift */; };
		5B742C5C2B69EBAB0083E804 /* TVService.swift in Sources */ = {isa = PBXBuildFile; fileRef = 5B742C5B2B69EBAB0083E804 /* TVService.swift */; };
		5B742C652B6A0F4E0083E804 /* TVShowEntity.swift in Sources */ = {isa = PBXBuildFile; fileRef = 5B742C642B6A0F4E0083E804 /* TVShowEntity.swift */; };
		5B742C6F2B6A2C100083E804 /* Locale+Extension.swift in Sources */ = {isa = PBXBuildFile; fileRef = 5B742C6E2B6A2C100083E804 /* Locale+Extension.swift */; };
		5B742C722B6A4AAC0083E804 /* APIService.swift in Sources */ = {isa = PBXBuildFile; fileRef = 5B742C712B6A4AAC0083E804 /* APIService.swift */; };
		5B742C832B6A5BC60083E804 /* BaseViewController.swift in Sources */ = {isa = PBXBuildFile; fileRef = 5B742C822B6A5BC50083E804 /* BaseViewController.swift */; };
		5B742C962B6A5EB00083E804 /* DramaHomeViewController.swift in Sources */ = {isa = PBXBuildFile; fileRef = 5B742C952B6A5EB00083E804 /* DramaHomeViewController.swift */; };
		5B742C992B6A62250083E804 /* BaseConfiguration.swift in Sources */ = {isa = PBXBuildFile; fileRef = 5B742C982B6A62250083E804 /* BaseConfiguration.swift */; };
		5B742C9F2B6A64F90083E804 /* UIView+BaseConfiguration.swift in Sources */ = {isa = PBXBuildFile; fileRef = 5B742C9E2B6A64F90083E804 /* UIView+BaseConfiguration.swift */; };
		5B742CA52B6A6A830083E804 /* DramaDetailViewController.swift in Sources */ = {isa = PBXBuildFile; fileRef = 5B742CA42B6A6A830083E804 /* DramaDetailViewController.swift */; };
		5B742CA72B6A6F3B0083E804 /* AppConfiguration.swift in Sources */ = {isa = PBXBuildFile; fileRef = 5B742CA62B6A6F3B0083E804 /* AppConfiguration.swift */; };
		5B742CAB2B6A72CF0083E804 /* AppAppearance.swift in Sources */ = {isa = PBXBuildFile; fileRef = 5B742CAA2B6A72CF0083E804 /* AppAppearance.swift */; };
		5B742CAE2B6A72FA0083E804 /* ColorStyle.swift in Sources */ = {isa = PBXBuildFile; fileRef = 5B742CAD2B6A72FA0083E804 /* ColorStyle.swift */; };
		5B742CB22B6A73290083E804 /* UIColor+hex.swift in Sources */ = {isa = PBXBuildFile; fileRef = 5B742CB12B6A73290083E804 /* UIColor+hex.swift */; };
		5B742CB72B6A73C00083E804 /* Style.swift in Sources */ = {isa = PBXBuildFile; fileRef = 5B742CB62B6A73C00083E804 /* Style.swift */; };
		5B742CB92B6A73FC0083E804 /* ButtonStyle.swift in Sources */ = {isa = PBXBuildFile; fileRef = 5B742CB82B6A73FC0083E804 /* ButtonStyle.swift */; };
		5B742CBB2B6A742C0083E804 /* FontStyle.swift in Sources */ = {isa = PBXBuildFile; fileRef = 5B742CBA2B6A742C0083E804 /* FontStyle.swift */; };
		5B742CBD2B6A74670083E804 /* IconStyle.swift in Sources */ = {isa = PBXBuildFile; fileRef = 5B742CBC2B6A74670083E804 /* IconStyle.swift */; };
		5B742CC12B6A74C70083E804 /* FoundationStyle.swift in Sources */ = {isa = PBXBuildFile; fileRef = 5B742CC02B6A74C70083E804 /* FoundationStyle.swift */; };
		5B742CC42B6A75560083E804 /* ComponentStyle.swift in Sources */ = {isa = PBXBuildFile; fileRef = 5B742CC32B6A75560083E804 /* ComponentStyle.swift */; };
		5B742CC72B6A75BE0083E804 /* UIButton+Style.swift in Sources */ = {isa = PBXBuildFile; fileRef = 5B742CC62B6A75BE0083E804 /* UIButton+Style.swift */; };
		5B7F97CA2B6B1820005359C9 /* PosterImageView.swift in Sources */ = {isa = PBXBuildFile; fileRef = 5B7F97C92B6B1820005359C9 /* PosterImageView.swift */; };
		5B7F97D12B6B1ADA005359C9 /* PosterLabel.swift in Sources */ = {isa = PBXBuildFile; fileRef = 5B7F97D02B6B1ADA005359C9 /* PosterLabel.swift */; };
		5B7F97D62B6B2181005359C9 /* GmarketSansTTFBold.ttf in Resources */ = {isa = PBXBuildFile; fileRef = 5B7F97D52B6B212C005359C9 /* GmarketSansTTFBold.ttf */; };
		5B7F97D72B6B2181005359C9 /* GmarketSansTTFLight.ttf in Resources */ = {isa = PBXBuildFile; fileRef = 5B7F97D32B6B212C005359C9 /* GmarketSansTTFLight.ttf */; };
		5B7F97D82B6B2181005359C9 /* GmarketSansTTFMedium.ttf in Resources */ = {isa = PBXBuildFile; fileRef = 5B7F97D42B6B212C005359C9 /* GmarketSansTTFMedium.ttf */; };
		5B7F97E12B6B2E3A005359C9 /* DramaDetailView.swift in Sources */ = {isa = PBXBuildFile; fileRef = 5B7F97E02B6B2E3A005359C9 /* DramaDetailView.swift */; };
		5B7F97E52B6B2E83005359C9 /* BaseView.swift in Sources */ = {isa = PBXBuildFile; fileRef = 5B7F97E42B6B2E83005359C9 /* BaseView.swift */; };
		5B7F97F02B6B40A0005359C9 /* Kingfisher in Frameworks */ = {isa = PBXBuildFile; productRef = 5B7F97EF2B6B40A0005359C9 /* Kingfisher */; };
		5B7F97F22B6B616F005359C9 /* Collection+Extension.swift in Sources */ = {isa = PBXBuildFile; fileRef = 5B7F97F12B6B616F005359C9 /* Collection+Extension.swift */; };
		5B7F97F52B6B6B99005359C9 /* DramaDescriptionCell.swift in Sources */ = {isa = PBXBuildFile; fileRef = 5B7F97F42B6B6B99005359C9 /* DramaDescriptionCell.swift */; };
		5B7F97F72B6B7379005359C9 /* String+Extension.swift in Sources */ = {isa = PBXBuildFile; fileRef = 5B7F97F62B6B7379005359C9 /* String+Extension.swift */; };
		5B7F97FA2B6B855A005359C9 /* DramaGroupCell.swift in Sources */ = {isa = PBXBuildFile; fileRef = 5B7F97F92B6B855A005359C9 /* DramaGroupCell.swift */; };
		5B9D9FDD2B690CB900A4642F /* TargetType.swift in Sources */ = {isa = PBXBuildFile; fileRef = 5B9D9FDC2B690CB900A4642F /* TargetType.swift */; };
		5B9D9FDF2B690CE600A4642F /* HTTPHeaderField.swift in Sources */ = {isa = PBXBuildFile; fileRef = 5B9D9FDE2B690CE600A4642F /* HTTPHeaderField.swift */; };
		5B9D9FE12B6913C900A4642F /* RequestParams.swift in Sources */ = {isa = PBXBuildFile; fileRef = 5B9D9FE02B6913C900A4642F /* RequestParams.swift */; };
		5B9D9FE32B69140B00A4642F /* Encodable+toDictionary.swift in Sources */ = {isa = PBXBuildFile; fileRef = 5B9D9FE22B69140B00A4642F /* Encodable+toDictionary.swift */; };
		5B9D9FE62B6917B600A4642F /* Network.swift in Sources */ = {isa = PBXBuildFile; fileRef = 5B9D9FE52B6917B600A4642F /* Network.swift */; };
		5B9D9FE92B69187800A4642F /* NetworkError.swift in Sources */ = {isa = PBXBuildFile; fileRef = 5B9D9FE82B69187800A4642F /* NetworkError.swift */; };
		5BD924502B68EEF40027B869 /* AppDelegate.swift in Sources */ = {isa = PBXBuildFile; fileRef = 5BD9244F2B68EEF40027B869 /* AppDelegate.swift */; };
		5BD924522B68EEF40027B869 /* SceneDelegate.swift in Sources */ = {isa = PBXBuildFile; fileRef = 5BD924512B68EEF40027B869 /* SceneDelegate.swift */; };
		5BD924592B68EEF50027B869 /* Assets.xcassets in Resources */ = {isa = PBXBuildFile; fileRef = 5BD924582B68EEF50027B869 /* Assets.xcassets */; };
		5BD9245C2B68EEF50027B869 /* LaunchScreen.storyboard in Resources */ = {isa = PBXBuildFile; fileRef = 5BD9245A2B68EEF50027B869 /* LaunchScreen.storyboard */; };
		5BD924692B68EF7B0027B869 /* TvAPI.swift in Sources */ = {isa = PBXBuildFile; fileRef = 5BD924682B68EF7B0027B869 /* TvAPI.swift */; };
		5BD9246C2B6900DB0027B869 /* Alamofire in Frameworks */ = {isa = PBXBuildFile; productRef = 5BD9246B2B6900DB0027B869 /* Alamofire */; };
		5BD9246F2B6900E90027B869 /* Then in Frameworks */ = {isa = PBXBuildFile; productRef = 5BD9246E2B6900E90027B869 /* Then */; };
		5BE6DD5F2B6BB77600EFA7E7 /* SnapKit in Frameworks */ = {isa = PBXBuildFile; productRef = 5BE6DD5E2B6BB77600EFA7E7 /* SnapKit */; };
/* End PBXBuildFile section */

/* Begin PBXFileReference section */
		5B4C334D2B6CC2310099BC22 /* UIViewController+Extension.swift */ = {isa = PBXFileReference; lastKnownFileType = sourcecode.swift; path = "UIViewController+Extension.swift"; sourceTree = "<group>"; };
		5B4C334F2B6CCBEC0099BC22 /* UIView+Extension.swift */ = {isa = PBXFileReference; lastKnownFileType = sourcecode.swift; path = "UIView+Extension.swift"; sourceTree = "<group>"; };
		5B4C335D2B6CCE880099BC22 /* PagerUsingUIPageVC.swift */ = {isa = PBXFileReference; lastKnownFileType = sourcecode.swift; path = PagerUsingUIPageVC.swift; sourceTree = "<group>"; };
		5B4C335F2B6CCE980099BC22 /* PagerUsingUIScrollVC.swift */ = {isa = PBXFileReference; lastKnownFileType = sourcecode.swift; path = PagerUsingUIScrollVC.swift; sourceTree = "<group>"; };
		5B4C33612B6CCEA10099BC22 /* PagerUsingUICollectionVC.swift */ = {isa = PBXFileReference; lastKnownFileType = sourcecode.swift; path = PagerUsingUICollectionVC.swift; sourceTree = "<group>"; };
		5B4C33632B6CE0F50099BC22 /* BasePageViewController.swift */ = {isa = PBXFileReference; lastKnownFileType = sourcecode.swift; path = BasePageViewController.swift; sourceTree = "<group>"; };
		5B56666E2B6E1E2900EE904A /* UserDefaultManager.swift */ = {isa = PBXFileReference; lastKnownFileType = sourcecode.swift; path = UserDefaultManager.swift; sourceTree = "<group>"; };
		5B5666702B6E1E3500EE904A /* UserDefaultWrapper.swift */ = {isa = PBXFileReference; lastKnownFileType = sourcecode.swift; path = UserDefaultWrapper.swift; sourceTree = "<group>"; };
		5B5666722B6E227100EE904A /* OnboardingViewController.swift */ = {isa = PBXFileReference; lastKnownFileType = sourcecode.swift; path = OnboardingViewController.swift; sourceTree = "<group>"; };
		5B5956732B6BF1330085F573 /* AggregateCreditsEntity.swift */ = {isa = PBXFileReference; lastKnownFileType = sourcecode.swift; path = AggregateCreditsEntity.swift; sourceTree = "<group>"; };
		5B6554332B6A92E6001815F5 /* UIView+addSubviews.swift */ = {isa = PBXFileReference; lastKnownFileType = sourcecode.swift; path = "UIView+addSubviews.swift"; sourceTree = "<group>"; };
		5B6554352B6A9638001815F5 /* DramaSearchViewController.swift */ = {isa = PBXFileReference; lastKnownFileType = sourcecode.swift; path = DramaSearchViewController.swift; sourceTree = "<group>"; };
		5B742C4E2B69CF580083E804 /* TMDbAPIResponse.swift */ = {isa = PBXFileReference; lastKnownFileType = sourcecode.swift; path = TMDbAPIResponse.swift; sourceTree = "<group>"; };
		5B742C592B69EAF10083E804 /* AppService.swift */ = {isa = PBXFileReference; lastKnownFileType = sourcecode.swift; path = AppService.swift; sourceTree = "<group>"; };
		5B742C5B2B69EBAB0083E804 /* TVService.swift */ = {isa = PBXFileReference; lastKnownFileType = sourcecode.swift; path = TVService.swift; sourceTree = "<group>"; };
		5B742C642B6A0F4E0083E804 /* TVShowEntity.swift */ = {isa = PBXFileReference; lastKnownFileType = sourcecode.swift; path = TVShowEntity.swift; sourceTree = "<group>"; };
		5B742C6E2B6A2C100083E804 /* Locale+Extension.swift */ = {isa = PBXFileReference; lastKnownFileType = sourcecode.swift; path = "Locale+Extension.swift"; sourceTree = "<group>"; };
		5B742C712B6A4AAC0083E804 /* APIService.swift */ = {isa = PBXFileReference; lastKnownFileType = sourcecode.swift; path = APIService.swift; sourceTree = "<group>"; };
		5B742C822B6A5BC50083E804 /* BaseViewController.swift */ = {isa = PBXFileReference; lastKnownFileType = sourcecode.swift; path = BaseViewController.swift; sourceTree = "<group>"; };
		5B742C952B6A5EB00083E804 /* DramaHomeViewController.swift */ = {isa = PBXFileReference; lastKnownFileType = sourcecode.swift; path = DramaHomeViewController.swift; sourceTree = "<group>"; };
		5B742C982B6A62250083E804 /* BaseConfiguration.swift */ = {isa = PBXFileReference; lastKnownFileType = sourcecode.swift; path = BaseConfiguration.swift; sourceTree = "<group>"; };
		5B742C9E2B6A64F90083E804 /* UIView+BaseConfiguration.swift */ = {isa = PBXFileReference; lastKnownFileType = sourcecode.swift; path = "UIView+BaseConfiguration.swift"; sourceTree = "<group>"; };
		5B742CA42B6A6A830083E804 /* DramaDetailViewController.swift */ = {isa = PBXFileReference; lastKnownFileType = sourcecode.swift; path = DramaDetailViewController.swift; sourceTree = "<group>"; };
		5B742CA62B6A6F3B0083E804 /* AppConfiguration.swift */ = {isa = PBXFileReference; lastKnownFileType = sourcecode.swift; path = AppConfiguration.swift; sourceTree = "<group>"; };
		5B742CA82B6A6F580083E804 /* dev.xcconfig */ = {isa = PBXFileReference; lastKnownFileType = text.xcconfig; path = dev.xcconfig; sourceTree = "<group>"; };
		5B742CA92B6A6F7C0083E804 /* prod.xcconfig */ = {isa = PBXFileReference; lastKnownFileType = text.xcconfig; path = prod.xcconfig; sourceTree = "<group>"; };
		5B742CAA2B6A72CF0083E804 /* AppAppearance.swift */ = {isa = PBXFileReference; lastKnownFileType = sourcecode.swift; path = AppAppearance.swift; sourceTree = "<group>"; };
		5B742CAD2B6A72FA0083E804 /* ColorStyle.swift */ = {isa = PBXFileReference; lastKnownFileType = sourcecode.swift; path = ColorStyle.swift; sourceTree = "<group>"; };
		5B742CB12B6A73290083E804 /* UIColor+hex.swift */ = {isa = PBXFileReference; lastKnownFileType = sourcecode.swift; path = "UIColor+hex.swift"; sourceTree = "<group>"; };
		5B742CB62B6A73C00083E804 /* Style.swift */ = {isa = PBXFileReference; lastKnownFileType = sourcecode.swift; path = Style.swift; sourceTree = "<group>"; };
		5B742CB82B6A73FC0083E804 /* ButtonStyle.swift */ = {isa = PBXFileReference; lastKnownFileType = sourcecode.swift; path = ButtonStyle.swift; sourceTree = "<group>"; };
		5B742CBA2B6A742C0083E804 /* FontStyle.swift */ = {isa = PBXFileReference; lastKnownFileType = sourcecode.swift; path = FontStyle.swift; sourceTree = "<group>"; };
		5B742CBC2B6A74670083E804 /* IconStyle.swift */ = {isa = PBXFileReference; lastKnownFileType = sourcecode.swift; path = IconStyle.swift; sourceTree = "<group>"; };
		5B742CC02B6A74C70083E804 /* FoundationStyle.swift */ = {isa = PBXFileReference; lastKnownFileType = sourcecode.swift; path = FoundationStyle.swift; sourceTree = "<group>"; };
		5B742CC32B6A75560083E804 /* ComponentStyle.swift */ = {isa = PBXFileReference; lastKnownFileType = sourcecode.swift; path = ComponentStyle.swift; sourceTree = "<group>"; };
		5B742CC62B6A75BE0083E804 /* UIButton+Style.swift */ = {isa = PBXFileReference; lastKnownFileType = sourcecode.swift; path = "UIButton+Style.swift"; sourceTree = "<group>"; };
		5B7F97C92B6B1820005359C9 /* PosterImageView.swift */ = {isa = PBXFileReference; lastKnownFileType = sourcecode.swift; path = PosterImageView.swift; sourceTree = "<group>"; };
		5B7F97D02B6B1ADA005359C9 /* PosterLabel.swift */ = {isa = PBXFileReference; lastKnownFileType = sourcecode.swift; path = PosterLabel.swift; sourceTree = "<group>"; };
		5B7F97D32B6B212C005359C9 /* GmarketSansTTFLight.ttf */ = {isa = PBXFileReference; lastKnownFileType = file; path = GmarketSansTTFLight.ttf; sourceTree = "<group>"; };
		5B7F97D42B6B212C005359C9 /* GmarketSansTTFMedium.ttf */ = {isa = PBXFileReference; lastKnownFileType = file; path = GmarketSansTTFMedium.ttf; sourceTree = "<group>"; };
		5B7F97D52B6B212C005359C9 /* GmarketSansTTFBold.ttf */ = {isa = PBXFileReference; lastKnownFileType = file; path = GmarketSansTTFBold.ttf; sourceTree = "<group>"; };
		5B7F97E02B6B2E3A005359C9 /* DramaDetailView.swift */ = {isa = PBXFileReference; lastKnownFileType = sourcecode.swift; path = DramaDetailView.swift; sourceTree = "<group>"; };
		5B7F97E42B6B2E83005359C9 /* BaseView.swift */ = {isa = PBXFileReference; lastKnownFileType = sourcecode.swift; path = BaseView.swift; sourceTree = "<group>"; };
		5B7F97F12B6B616F005359C9 /* Collection+Extension.swift */ = {isa = PBXFileReference; lastKnownFileType = sourcecode.swift; path = "Collection+Extension.swift"; sourceTree = "<group>"; };
		5B7F97F42B6B6B99005359C9 /* DramaDescriptionCell.swift */ = {isa = PBXFileReference; lastKnownFileType = sourcecode.swift; path = DramaDescriptionCell.swift; sourceTree = "<group>"; };
		5B7F97F62B6B7379005359C9 /* String+Extension.swift */ = {isa = PBXFileReference; lastKnownFileType = sourcecode.swift; path = "String+Extension.swift"; sourceTree = "<group>"; };
		5B7F97F92B6B855A005359C9 /* DramaGroupCell.swift */ = {isa = PBXFileReference; lastKnownFileType = sourcecode.swift; path = DramaGroupCell.swift; sourceTree = "<group>"; };
		5B9D9FDC2B690CB900A4642F /* TargetType.swift */ = {isa = PBXFileReference; lastKnownFileType = sourcecode.swift; path = TargetType.swift; sourceTree = "<group>"; };
		5B9D9FDE2B690CE600A4642F /* HTTPHeaderField.swift */ = {isa = PBXFileReference; lastKnownFileType = sourcecode.swift; path = HTTPHeaderField.swift; sourceTree = "<group>"; };
		5B9D9FE02B6913C900A4642F /* RequestParams.swift */ = {isa = PBXFileReference; lastKnownFileType = sourcecode.swift; path = RequestParams.swift; sourceTree = "<group>"; };
		5B9D9FE22B69140B00A4642F /* Encodable+toDictionary.swift */ = {isa = PBXFileReference; lastKnownFileType = sourcecode.swift; path = "Encodable+toDictionary.swift"; sourceTree = "<group>"; };
		5B9D9FE52B6917B600A4642F /* Network.swift */ = {isa = PBXFileReference; lastKnownFileType = sourcecode.swift; path = Network.swift; sourceTree = "<group>"; };
		5B9D9FE82B69187800A4642F /* NetworkError.swift */ = {isa = PBXFileReference; lastKnownFileType = sourcecode.swift; path = NetworkError.swift; sourceTree = "<group>"; };
		5BD9244C2B68EEF40027B869 /* SeSAC_Day26_Assignment.app */ = {isa = PBXFileReference; explicitFileType = wrapper.application; includeInIndex = 0; path = SeSAC_Day26_Assignment.app; sourceTree = BUILT_PRODUCTS_DIR; };
		5BD9244F2B68EEF40027B869 /* AppDelegate.swift */ = {isa = PBXFileReference; lastKnownFileType = sourcecode.swift; path = AppDelegate.swift; sourceTree = "<group>"; };
		5BD924512B68EEF40027B869 /* SceneDelegate.swift */ = {isa = PBXFileReference; lastKnownFileType = sourcecode.swift; path = SceneDelegate.swift; sourceTree = "<group>"; };
		5BD924582B68EEF50027B869 /* Assets.xcassets */ = {isa = PBXFileReference; lastKnownFileType = folder.assetcatalog; path = Assets.xcassets; sourceTree = "<group>"; };
		5BD9245B2B68EEF50027B869 /* Base */ = {isa = PBXFileReference; lastKnownFileType = file.storyboard; name = Base; path = Base.lproj/LaunchScreen.storyboard; sourceTree = "<group>"; };
		5BD9245D2B68EEF50027B869 /* Info.plist */ = {isa = PBXFileReference; lastKnownFileType = text.plist.xml; path = Info.plist; sourceTree = "<group>"; };
		5BD924682B68EF7B0027B869 /* TvAPI.swift */ = {isa = PBXFileReference; lastKnownFileType = sourcecode.swift; path = TvAPI.swift; sourceTree = "<group>"; };
/* End PBXFileReference section */

/* Begin PBXFrameworksBuildPhase section */
		5BD924492B68EEF40027B869 /* Frameworks */ = {
			isa = PBXFrameworksBuildPhase;
			buildActionMask = 2147483647;
			files = (
				5BD9246C2B6900DB0027B869 /* Alamofire in Frameworks */,
				5BE6DD5F2B6BB77600EFA7E7 /* SnapKit in Frameworks */,
				5BD9246F2B6900E90027B869 /* Then in Frameworks */,
				5B7F97F02B6B40A0005359C9 /* Kingfisher in Frameworks */,
			);
			runOnlyForDeploymentPostprocessing = 0;
		};
/* End PBXFrameworksBuildPhase section */

/* Begin PBXGroup section */
		5B4C33522B6CCDAD0099BC22 /* OnboardingScene */ = {
			isa = PBXGroup;
			children = (
				5B4C33532B6CCDC30099BC22 /* Onboarding */,
			);
			path = OnboardingScene;
			sourceTree = "<group>";
		};
		5B4C33532B6CCDC30099BC22 /* Onboarding */ = {
			isa = PBXGroup;
			children = (
				5B4C33562B6CCDD60099BC22 /* Controller */,
				5B4C33552B6CCDD20099BC22 /* Model */,
				5B4C33542B6CCDCE0099BC22 /* View */,
			);
			path = Onboarding;
			sourceTree = "<group>";
		};
		5B4C33542B6CCDCE0099BC22 /* View */ = {
			isa = PBXGroup;
			children = (
			);
			path = View;
			sourceTree = "<group>";
		};
		5B4C33552B6CCDD20099BC22 /* Model */ = {
			isa = PBXGroup;
			children = (
			);
			path = Model;
			sourceTree = "<group>";
		};
		5B4C33562B6CCDD60099BC22 /* Controller */ = {
			isa = PBXGroup;
			children = (
				5B5666722B6E227100EE904A /* OnboardingViewController.swift */,
			);
			path = Controller;
			sourceTree = "<group>";
		};
		5B4C33592B6CCE1F0099BC22 /* Pager */ = {
			isa = PBXGroup;
			children = (
				5B4C335C2B6CCE3C0099BC22 /* UIPageVC */,
				5B4C335B2B6CCE340099BC22 /* UIScrollVC */,
				5B4C335A2B6CCE2E0099BC22 /* UICollectionVC */,
			);
			path = Pager;
			sourceTree = "<group>";
		};
		5B4C335A2B6CCE2E0099BC22 /* UICollectionVC */ = {
			isa = PBXGroup;
			children = (
				5B4C33612B6CCEA10099BC22 /* PagerUsingUICollectionVC.swift */,
			);
			path = UICollectionVC;
			sourceTree = "<group>";
		};
		5B4C335B2B6CCE340099BC22 /* UIScrollVC */ = {
			isa = PBXGroup;
			children = (
				5B4C335F2B6CCE980099BC22 /* PagerUsingUIScrollVC.swift */,
			);
			path = UIScrollVC;
			sourceTree = "<group>";
		};
		5B4C335C2B6CCE3C0099BC22 /* UIPageVC */ = {
			isa = PBXGroup;
			children = (
				5B4C335D2B6CCE880099BC22 /* PagerUsingUIPageVC.swift */,
			);
			path = UIPageVC;
			sourceTree = "<group>";
		};
		5B56666D2B6E1E1E00EE904A /* Storage */ = {
			isa = PBXGroup;
			children = (
				5B56666E2B6E1E2900EE904A /* UserDefaultManager.swift */,
				5B5666702B6E1E3500EE904A /* UserDefaultWrapper.swift */,
			);
			path = Storage;
			sourceTree = "<group>";
		};
		5B6554372B6AA96D001815F5 /* DramaSearch */ = {
			isa = PBXGroup;
			children = (
				5B6554392B6AA97F001815F5 /* Model */,
				5B6554382B6AA97B001815F5 /* View */,
				5B65543A2B6AA983001815F5 /* Controller */,
			);
			path = DramaSearch;
			sourceTree = "<group>";
		};
		5B6554382B6AA97B001815F5 /* View */ = {
			isa = PBXGroup;
			children = (
			);
			path = View;
			sourceTree = "<group>";
		};
		5B6554392B6AA97F001815F5 /* Model */ = {
			isa = PBXGroup;
			children = (
			);
			path = Model;
			sourceTree = "<group>";
		};
		5B65543A2B6AA983001815F5 /* Controller */ = {
			isa = PBXGroup;
			children = (
				5B6554352B6A9638001815F5 /* DramaSearchViewController.swift */,
			);
			path = Controller;
			sourceTree = "<group>";
		};
		5B742C4A2B69CECF0083E804 /* Entity */ = {
			isa = PBXGroup;
			children = (
				5B742C642B6A0F4E0083E804 /* TVShowEntity.swift */,
				5B5956732B6BF1330085F573 /* AggregateCreditsEntity.swift */,
			);
			path = Entity;
			sourceTree = "<group>";
		};
		5B742C4B2B69CF260083E804 /* Model */ = {
			isa = PBXGroup;
			children = (
				5B742C4E2B69CF580083E804 /* TMDbAPIResponse.swift */,
			);
			path = Model;
			sourceTree = "<group>";
		};
		5B742C582B69E8FB0083E804 /* Service */ = {
			isa = PBXGroup;
			children = (
				5B742C702B6A4A9D0083E804 /* API */,
				5B742C592B69EAF10083E804 /* AppService.swift */,
			);
			path = Service;
			sourceTree = "<group>";
		};
		5B742C6D2B6A2C000083E804 /* Extension */ = {
			isa = PBXGroup;
			children = (
				5B742C6E2B6A2C100083E804 /* Locale+Extension.swift */,
				5B7F97F12B6B616F005359C9 /* Collection+Extension.swift */,
				5B7F97F62B6B7379005359C9 /* String+Extension.swift */,
				5B4C334D2B6CC2310099BC22 /* UIViewController+Extension.swift */,
				5B4C334F2B6CCBEC0099BC22 /* UIView+Extension.swift */,
			);
			path = Extension;
			sourceTree = "<group>";
		};
		5B742C702B6A4A9D0083E804 /* API */ = {
			isa = PBXGroup;
			children = (
				5B742C5B2B69EBAB0083E804 /* TVService.swift */,
				5B742C712B6A4AAC0083E804 /* APIService.swift */,
			);
			path = API;
			sourceTree = "<group>";
		};
		5B742C7D2B6A5A7A0083E804 /* Presentation */ = {
			isa = PBXGroup;
			children = (
				5B4C33592B6CCE1F0099BC22 /* Pager */,
				5B4C33522B6CCDAD0099BC22 /* OnboardingScene */,
				5B742C8C2B6A5DEE0083E804 /* DramaScene */,
				5B742C7E2B6A5A830083E804 /* Utils */,
			);
			path = Presentation;
			sourceTree = "<group>";
		};
		5B742C7E2B6A5A830083E804 /* Utils */ = {
			isa = PBXGroup;
			children = (
				5B742C9A2B6A649D0083E804 /* Component */,
				5B742C842B6A5BCA0083E804 /* Base */,
			);
			path = Utils;
			sourceTree = "<group>";
		};
		5B742C842B6A5BCA0083E804 /* Base */ = {
			isa = PBXGroup;
			children = (
				5B742C9D2B6A64EA0083E804 /* Extension */,
				5B742C972B6A620D0083E804 /* Protocol */,
				5B742C822B6A5BC50083E804 /* BaseViewController.swift */,
				5B7F97E42B6B2E83005359C9 /* BaseView.swift */,
				5B4C33632B6CE0F50099BC22 /* BasePageViewController.swift */,
			);
			path = Base;
			sourceTree = "<group>";
		};
		5B742C8A2B6A5D9A0083E804 /* Application */ = {
			isa = PBXGroup;
			children = (
				5BD924512B68EEF40027B869 /* SceneDelegate.swift */,
				5BD9244F2B68EEF40027B869 /* AppDelegate.swift */,
				5B742CA62B6A6F3B0083E804 /* AppConfiguration.swift */,
				5B742CAA2B6A72CF0083E804 /* AppAppearance.swift */,
			);
			path = Application;
			sourceTree = "<group>";
		};
		5B742C8C2B6A5DEE0083E804 /* DramaScene */ = {
			isa = PBXGroup;
			children = (
				5B6554372B6AA96D001815F5 /* DramaSearch */,
				5B742CA02B6A6A630083E804 /* DramaDetail */,
				5B742C912B6A5E730083E804 /* DramaHome */,
			);
			path = DramaScene;
			sourceTree = "<group>";
		};
		5B742C912B6A5E730083E804 /* DramaHome */ = {
			isa = PBXGroup;
			children = (
				5B742C932B6A5E820083E804 /* Model */,
				5B742C922B6A5E7E0083E804 /* View */,
				5B742C942B6A5E860083E804 /* Controller */,
			);
			path = DramaHome;
			sourceTree = "<group>";
		};
		5B742C922B6A5E7E0083E804 /* View */ = {
			isa = PBXGroup;
			children = (
				5B7F97F32B6B6B67005359C9 /* Cell */,
			);
			path = View;
			sourceTree = "<group>";
		};
		5B742C932B6A5E820083E804 /* Model */ = {
			isa = PBXGroup;
			children = (
			);
			path = Model;
			sourceTree = "<group>";
		};
		5B742C942B6A5E860083E804 /* Controller */ = {
			isa = PBXGroup;
			children = (
				5B742C952B6A5EB00083E804 /* DramaHomeViewController.swift */,
			);
			path = Controller;
			sourceTree = "<group>";
		};
		5B742C972B6A620D0083E804 /* Protocol */ = {
			isa = PBXGroup;
			children = (
				5B742C982B6A62250083E804 /* BaseConfiguration.swift */,
			);
			path = Protocol;
			sourceTree = "<group>";
		};
		5B742C9A2B6A649D0083E804 /* Component */ = {
			isa = PBXGroup;
			children = (
				5B7F97C92B6B1820005359C9 /* PosterImageView.swift */,
				5B7F97D02B6B1ADA005359C9 /* PosterLabel.swift */,
			);
			path = Component;
			sourceTree = "<group>";
		};
		5B742C9D2B6A64EA0083E804 /* Extension */ = {
			isa = PBXGroup;
			children = (
				5B742C9E2B6A64F90083E804 /* UIView+BaseConfiguration.swift */,
				5B6554332B6A92E6001815F5 /* UIView+addSubviews.swift */,
			);
			path = Extension;
			sourceTree = "<group>";
		};
		5B742CA02B6A6A630083E804 /* DramaDetail */ = {
			isa = PBXGroup;
			children = (
				5B742CA22B6A6A6F0083E804 /* Model */,
				5B742CA32B6A6A730083E804 /* View */,
				5B742CA12B6A6A6A0083E804 /* Controller */,
			);
			path = DramaDetail;
			sourceTree = "<group>";
		};
		5B742CA12B6A6A6A0083E804 /* Controller */ = {
			isa = PBXGroup;
			children = (
				5B742CA42B6A6A830083E804 /* DramaDetailViewController.swift */,
			);
			path = Controller;
			sourceTree = "<group>";
		};
		5B742CA22B6A6A6F0083E804 /* Model */ = {
			isa = PBXGroup;
			children = (
			);
			path = Model;
			sourceTree = "<group>";
		};
		5B742CA32B6A6A730083E804 /* View */ = {
			isa = PBXGroup;
			children = (
				5B7F97E02B6B2E3A005359C9 /* DramaDetailView.swift */,
			);
			path = View;
			sourceTree = "<group>";
		};
		5B742CAC2B6A72E70083E804 /* DesignSystem */ = {
			isa = PBXGroup;
			children = (
				5B742CC52B6A75A90083E804 /* Extension */,
				5B742CC22B6A752E0083E804 /* Style */,
			);
			path = DesignSystem;
			sourceTree = "<group>";
		};
		5B742CBE2B6A74870083E804 /* Foundation */ = {
			isa = PBXGroup;
			children = (
				5B742CC02B6A74C70083E804 /* FoundationStyle.swift */,
				5B742CBA2B6A742C0083E804 /* FontStyle.swift */,
				5B742CBC2B6A74670083E804 /* IconStyle.swift */,
				5B742CAD2B6A72FA0083E804 /* ColorStyle.swift */,
			);
			path = Foundation;
			sourceTree = "<group>";
		};
		5B742CBF2B6A748F0083E804 /* Component */ = {
			isa = PBXGroup;
			children = (
				5B742CC32B6A75560083E804 /* ComponentStyle.swift */,
				5B742CB82B6A73FC0083E804 /* ButtonStyle.swift */,
			);
			path = Component;
			sourceTree = "<group>";
		};
		5B742CC22B6A752E0083E804 /* Style */ = {
			isa = PBXGroup;
			children = (
				5B742CB62B6A73C00083E804 /* Style.swift */,
				5B742CBE2B6A74870083E804 /* Foundation */,
				5B742CBF2B6A748F0083E804 /* Component */,
			);
			path = Style;
			sourceTree = "<group>";
		};
		5B742CC52B6A75A90083E804 /* Extension */ = {
			isa = PBXGroup;
			children = (
				5B742CB12B6A73290083E804 /* UIColor+hex.swift */,
				5B742CC62B6A75BE0083E804 /* UIButton+Style.swift */,
			);
			path = Extension;
			sourceTree = "<group>";
		};
		5B7F97D22B6B2121005359C9 /* Resource */ = {
			isa = PBXGroup;
			children = (
				5B7F97D52B6B212C005359C9 /* GmarketSansTTFBold.ttf */,
				5B7F97D32B6B212C005359C9 /* GmarketSansTTFLight.ttf */,
				5B7F97D42B6B212C005359C9 /* GmarketSansTTFMedium.ttf */,
			);
			path = Resource;
			sourceTree = "<group>";
		};
		5B7F97F32B6B6B67005359C9 /* Cell */ = {
			isa = PBXGroup;
			children = (
				5B7F97F42B6B6B99005359C9 /* DramaDescriptionCell.swift */,
				5B7F97F92B6B855A005359C9 /* DramaGroupCell.swift */,
			);
			path = Cell;
			sourceTree = "<group>";
		};
		5B9D9FDA2B690C9300A4642F /* Network */ = {
			isa = PBXGroup;
			children = (
				5B9D9FE52B6917B600A4642F /* Network.swift */,
				5B742C4A2B69CECF0083E804 /* Entity */,
				5B742C4B2B69CF260083E804 /* Model */,
				5B9D9FE72B69186D00A4642F /* Error */,
				5BD924632B68EF5E0027B869 /* API */,
				5B9D9FDB2B690CA200A4642F /* Base */,
			);
			path = Network;
			sourceTree = "<group>";
		};
		5B9D9FDB2B690CA200A4642F /* Base */ = {
			isa = PBXGroup;
			children = (
				5B9D9FDC2B690CB900A4642F /* TargetType.swift */,
				5B9D9FDE2B690CE600A4642F /* HTTPHeaderField.swift */,
				5B9D9FE02B6913C900A4642F /* RequestParams.swift */,
				5B9D9FE22B69140B00A4642F /* Encodable+toDictionary.swift */,
			);
			path = Base;
			sourceTree = "<group>";
		};
		5B9D9FE72B69186D00A4642F /* Error */ = {
			isa = PBXGroup;
			children = (
				5B9D9FE82B69187800A4642F /* NetworkError.swift */,
			);
			path = Error;
			sourceTree = "<group>";
		};
		5BD924432B68EEF40027B869 = {
			isa = PBXGroup;
			children = (
				5BD9244E2B68EEF40027B869 /* SeSAC_Day26_Assignment */,
				5BD9244D2B68EEF40027B869 /* Products */,
			);
			sourceTree = "<group>";
		};
		5BD9244D2B68EEF40027B869 /* Products */ = {
			isa = PBXGroup;
			children = (
				5BD9244C2B68EEF40027B869 /* SeSAC_Day26_Assignment.app */,
			);
			name = Products;
			sourceTree = "<group>";
		};
		5BD9244E2B68EEF40027B869 /* SeSAC_Day26_Assignment */ = {
			isa = PBXGroup;
			children = (
				5B56666D2B6E1E1E00EE904A /* Storage */,
				5B7F97D22B6B2121005359C9 /* Resource */,
				5BD9245A2B68EEF50027B869 /* LaunchScreen.storyboard */,
				5B9D9FDA2B690C9300A4642F /* Network */,
				5B742CAC2B6A72E70083E804 /* DesignSystem */,
				5B742C8A2B6A5D9A0083E804 /* Application */,
				5B742C7D2B6A5A7A0083E804 /* Presentation */,
				5B742C6D2B6A2C000083E804 /* Extension */,
				5B742C582B69E8FB0083E804 /* Service */,
				5BD924582B68EEF50027B869 /* Assets.xcassets */,
				5BD9245D2B68EEF50027B869 /* Info.plist */,
				5B742CA82B6A6F580083E804 /* dev.xcconfig */,
				5B742CA92B6A6F7C0083E804 /* prod.xcconfig */,
			);
			path = SeSAC_Day26_Assignment;
			sourceTree = "<group>";
		};
		5BD924632B68EF5E0027B869 /* API */ = {
			isa = PBXGroup;
			children = (
				5BD924682B68EF7B0027B869 /* TvAPI.swift */,
			);
			path = API;
			sourceTree = "<group>";
		};
/* End PBXGroup section */

/* Begin PBXNativeTarget section */
		5BD9244B2B68EEF40027B869 /* SeSAC_Day26_Assignment */ = {
			isa = PBXNativeTarget;
			buildConfigurationList = 5BD924602B68EEF50027B869 /* Build configuration list for PBXNativeTarget "SeSAC_Day26_Assignment" */;
			buildPhases = (
				5BD924482B68EEF40027B869 /* Sources */,
				5BD924492B68EEF40027B869 /* Frameworks */,
				5BD9244A2B68EEF40027B869 /* Resources */,
			);
			buildRules = (
			);
			dependencies = (
			);
			name = SeSAC_Day26_Assignment;
			packageProductDependencies = (
				5BD9246B2B6900DB0027B869 /* Alamofire */,
				5BD9246E2B6900E90027B869 /* Then */,
				5B7F97EF2B6B40A0005359C9 /* Kingfisher */,
				5BE6DD5E2B6BB77600EFA7E7 /* SnapKit */,
			);
			productName = SeSAC_Day26_Assignment;
			productReference = 5BD9244C2B68EEF40027B869 /* SeSAC_Day26_Assignment.app */;
			productType = "com.apple.product-type.application";
		};
/* End PBXNativeTarget section */

/* Begin PBXProject section */
		5BD924442B68EEF40027B869 /* Project object */ = {
			isa = PBXProject;
			attributes = {
				BuildIndependentTargetsInParallel = 1;
				LastSwiftUpdateCheck = 1520;
				LastUpgradeCheck = 1520;
				TargetAttributes = {
					5BD9244B2B68EEF40027B869 = {
						CreatedOnToolsVersion = 15.2;
					};
				};
			};
			buildConfigurationList = 5BD924472B68EEF40027B869 /* Build configuration list for PBXProject "SeSAC_Day26_Assignment" */;
			compatibilityVersion = "Xcode 14.0";
			developmentRegion = en;
			hasScannedForEncodings = 0;
			knownRegions = (
				en,
				Base,
			);
			mainGroup = 5BD924432B68EEF40027B869;
			packageReferences = (
				5BD9246A2B6900DB0027B869 /* XCRemoteSwiftPackageReference "Alamofire" */,
				5BD9246D2B6900E90027B869 /* XCRemoteSwiftPackageReference "Then" */,
				5B7F97EE2B6B40A0005359C9 /* XCRemoteSwiftPackageReference "Kingfisher" */,
				5BE6DD5D2B6BB77600EFA7E7 /* XCRemoteSwiftPackageReference "SnapKit" */,
			);
			productRefGroup = 5BD9244D2B68EEF40027B869 /* Products */;
			projectDirPath = "";
			projectRoot = "";
			targets = (
				5BD9244B2B68EEF40027B869 /* SeSAC_Day26_Assignment */,
			);
		};
/* End PBXProject section */

/* Begin PBXResourcesBuildPhase section */
		5BD9244A2B68EEF40027B869 /* Resources */ = {
			isa = PBXResourcesBuildPhase;
			buildActionMask = 2147483647;
			files = (
				5B7F97D62B6B2181005359C9 /* GmarketSansTTFBold.ttf in Resources */,
				5B7F97D72B6B2181005359C9 /* GmarketSansTTFLight.ttf in Resources */,
				5B7F97D82B6B2181005359C9 /* GmarketSansTTFMedium.ttf in Resources */,
				5BD9245C2B68EEF50027B869 /* LaunchScreen.storyboard in Resources */,
				5BD924592B68EEF50027B869 /* Assets.xcassets in Resources */,
			);
			runOnlyForDeploymentPostprocessing = 0;
		};
/* End PBXResourcesBuildPhase section */

/* Begin PBXSourcesBuildPhase section */
		5BD924482B68EEF40027B869 /* Sources */ = {
			isa = PBXSourcesBuildPhase;
			buildActionMask = 2147483647;
			files = (
				5B742C652B6A0F4E0083E804 /* TVShowEntity.swift in Sources */,
				5B742CB92B6A73FC0083E804 /* ButtonStyle.swift in Sources */,
				5B742C722B6A4AAC0083E804 /* APIService.swift in Sources */,
				5B742C5C2B69EBAB0083E804 /* TVService.swift in Sources */,
				5B56666F2B6E1E2900EE904A /* UserDefaultManager.swift in Sources */,
				5BD924692B68EF7B0027B869 /* TvAPI.swift in Sources */,
				5B7F97CA2B6B1820005359C9 /* PosterImageView.swift in Sources */,
				5B742C832B6A5BC60083E804 /* BaseViewController.swift in Sources */,
				5B7F97E52B6B2E83005359C9 /* BaseView.swift in Sources */,
				5B7F97F72B6B7379005359C9 /* String+Extension.swift in Sources */,
				5B4C33642B6CE0F50099BC22 /* BasePageViewController.swift in Sources */,
				5BD924502B68EEF40027B869 /* AppDelegate.swift in Sources */,
				5B6554342B6A92E6001815F5 /* UIView+addSubviews.swift in Sources */,
				5B6554362B6A9638001815F5 /* DramaSearchViewController.swift in Sources */,
				5B7F97F22B6B616F005359C9 /* Collection+Extension.swift in Sources */,
				5B9D9FE32B69140B00A4642F /* Encodable+toDictionary.swift in Sources */,
				5B9D9FE62B6917B600A4642F /* Network.swift in Sources */,
				5B7F97D12B6B1ADA005359C9 /* PosterLabel.swift in Sources */,
				5B4C334E2B6CC2310099BC22 /* UIViewController+Extension.swift in Sources */,
				5B742CA72B6A6F3B0083E804 /* AppConfiguration.swift in Sources */,
				5B7F97E12B6B2E3A005359C9 /* DramaDetailView.swift in Sources */,
				5B742C4F2B69CF580083E804 /* TMDbAPIResponse.swift in Sources */,
				5B742CBB2B6A742C0083E804 /* FontStyle.swift in Sources */,
				5B9D9FDF2B690CE600A4642F /* HTTPHeaderField.swift in Sources */,
				5B4C33502B6CCBEC0099BC22 /* UIView+Extension.swift in Sources */,
				5B742C5A2B69EAF10083E804 /* AppService.swift in Sources */,
				5BD924522B68EEF40027B869 /* SceneDelegate.swift in Sources */,
				5B742CAB2B6A72CF0083E804 /* AppAppearance.swift in Sources */,
				5B9D9FE92B69187800A4642F /* NetworkError.swift in Sources */,
				5B9D9FDD2B690CB900A4642F /* TargetType.swift in Sources */,
				5B7F97FA2B6B855A005359C9 /* DramaGroupCell.swift in Sources */,
				5B5956742B6BF1330085F573 /* AggregateCreditsEntity.swift in Sources */,
				5B7F97F52B6B6B99005359C9 /* DramaDescriptionCell.swift in Sources */,
				5B742CB72B6A73C00083E804 /* Style.swift in Sources */,
				5B4C33622B6CCEA10099BC22 /* PagerUsingUICollectionVC.swift in Sources */,
				5B742CA52B6A6A830083E804 /* DramaDetailViewController.swift in Sources */,
				5B742CBD2B6A74670083E804 /* IconStyle.swift in Sources */,
				5B5666732B6E227100EE904A /* OnboardingViewController.swift in Sources */,
				5B742CC12B6A74C70083E804 /* FoundationStyle.swift in Sources */,
				5B742C962B6A5EB00083E804 /* DramaHomeViewController.swift in Sources */,
				5B742C992B6A62250083E804 /* BaseConfiguration.swift in Sources */,
				5B4C33602B6CCE980099BC22 /* PagerUsingUIScrollVC.swift in Sources */,
				5B4C335E2B6CCE880099BC22 /* PagerUsingUIPageVC.swift in Sources */,
				5B9D9FE12B6913C900A4642F /* RequestParams.swift in Sources */,
				5B742CAE2B6A72FA0083E804 /* ColorStyle.swift in Sources */,
				5B5666712B6E1E3500EE904A /* UserDefaultWrapper.swift in Sources */,
				5B742CC72B6A75BE0083E804 /* UIButton+Style.swift in Sources */,
				5B742CC42B6A75560083E804 /* ComponentStyle.swift in Sources */,
				5B742C9F2B6A64F90083E804 /* UIView+BaseConfiguration.swift in Sources */,
				5B742C6F2B6A2C100083E804 /* Locale+Extension.swift in Sources */,
				5B742CB22B6A73290083E804 /* UIColor+hex.swift in Sources */,
			);
			runOnlyForDeploymentPostprocessing = 0;
		};
/* End PBXSourcesBuildPhase section */

/* Begin PBXVariantGroup section */
		5BD9245A2B68EEF50027B869 /* LaunchScreen.storyboard */ = {
			isa = PBXVariantGroup;
			children = (
				5BD9245B2B68EEF50027B869 /* Base */,
			);
			name = LaunchScreen.storyboard;
			sourceTree = "<group>";
		};
/* End PBXVariantGroup section */

/* Begin XCBuildConfiguration section */
		5BD9245E2B68EEF50027B869 /* Debug */ = {
			isa = XCBuildConfiguration;
			baseConfigurationReference = 5B742CA82B6A6F580083E804 /* dev.xcconfig */;
			buildSettings = {
				ALWAYS_SEARCH_USER_PATHS = NO;
				ASSETCATALOG_COMPILER_GENERATE_SWIFT_ASSET_SYMBOL_EXTENSIONS = YES;
				CLANG_ANALYZER_NONNULL = YES;
				CLANG_ANALYZER_NUMBER_OBJECT_CONVERSION = YES_AGGRESSIVE;
				CLANG_CXX_LANGUAGE_STANDARD = "gnu++20";
				CLANG_ENABLE_MODULES = YES;
				CLANG_ENABLE_OBJC_ARC = YES;
				CLANG_ENABLE_OBJC_WEAK = YES;
				CLANG_WARN_BLOCK_CAPTURE_AUTORELEASING = YES;
				CLANG_WARN_BOOL_CONVERSION = YES;
				CLANG_WARN_COMMA = YES;
				CLANG_WARN_CONSTANT_CONVERSION = YES;
				CLANG_WARN_DEPRECATED_OBJC_IMPLEMENTATIONS = YES;
				CLANG_WARN_DIRECT_OBJC_ISA_USAGE = YES_ERROR;
				CLANG_WARN_DOCUMENTATION_COMMENTS = YES;
				CLANG_WARN_EMPTY_BODY = YES;
				CLANG_WARN_ENUM_CONVERSION = YES;
				CLANG_WARN_INFINITE_RECURSION = YES;
				CLANG_WARN_INT_CONVERSION = YES;
				CLANG_WARN_NON_LITERAL_NULL_CONVERSION = YES;
				CLANG_WARN_OBJC_IMPLICIT_RETAIN_SELF = YES;
				CLANG_WARN_OBJC_LITERAL_CONVERSION = YES;
				CLANG_WARN_OBJC_ROOT_CLASS = YES_ERROR;
				CLANG_WARN_QUOTED_INCLUDE_IN_FRAMEWORK_HEADER = YES;
				CLANG_WARN_RANGE_LOOP_ANALYSIS = YES;
				CLANG_WARN_STRICT_PROTOTYPES = YES;
				CLANG_WARN_SUSPICIOUS_MOVE = YES;
				CLANG_WARN_UNGUARDED_AVAILABILITY = YES_AGGRESSIVE;
				CLANG_WARN_UNREACHABLE_CODE = YES;
				CLANG_WARN__DUPLICATE_METHOD_MATCH = YES;
				COPY_PHASE_STRIP = NO;
				DEBUG_INFORMATION_FORMAT = dwarf;
				ENABLE_STRICT_OBJC_MSGSEND = YES;
				ENABLE_TESTABILITY = YES;
				ENABLE_USER_SCRIPT_SANDBOXING = YES;
				GCC_C_LANGUAGE_STANDARD = gnu17;
				GCC_DYNAMIC_NO_PIC = NO;
				GCC_NO_COMMON_BLOCKS = YES;
				GCC_OPTIMIZATION_LEVEL = 0;
				GCC_PREPROCESSOR_DEFINITIONS = (
					"DEBUG=1",
					"$(inherited)",
				);
				GCC_WARN_64_TO_32_BIT_CONVERSION = YES;
				GCC_WARN_ABOUT_RETURN_TYPE = YES_ERROR;
				GCC_WARN_UNDECLARED_SELECTOR = YES;
				GCC_WARN_UNINITIALIZED_AUTOS = YES_AGGRESSIVE;
				GCC_WARN_UNUSED_FUNCTION = YES;
				GCC_WARN_UNUSED_VARIABLE = YES;
				IPHONEOS_DEPLOYMENT_TARGET = 16.0;
				LOCALIZATION_PREFERS_STRING_CATALOGS = YES;
				MTL_ENABLE_DEBUG_INFO = INCLUDE_SOURCE;
				MTL_FAST_MATH = YES;
				ONLY_ACTIVE_ARCH = YES;
				SDKROOT = iphoneos;
				SWIFT_ACTIVE_COMPILATION_CONDITIONS = "DEBUG $(inherited)";
				SWIFT_OPTIMIZATION_LEVEL = "-Onone";
			};
			name = Debug;
		};
		5BD9245F2B68EEF50027B869 /* Release */ = {
			isa = XCBuildConfiguration;
			baseConfigurationReference = 5B742CA92B6A6F7C0083E804 /* prod.xcconfig */;
			buildSettings = {
				ALWAYS_SEARCH_USER_PATHS = NO;
				ASSETCATALOG_COMPILER_GENERATE_SWIFT_ASSET_SYMBOL_EXTENSIONS = YES;
				CLANG_ANALYZER_NONNULL = YES;
				CLANG_ANALYZER_NUMBER_OBJECT_CONVERSION = YES_AGGRESSIVE;
				CLANG_CXX_LANGUAGE_STANDARD = "gnu++20";
				CLANG_ENABLE_MODULES = YES;
				CLANG_ENABLE_OBJC_ARC = YES;
				CLANG_ENABLE_OBJC_WEAK = YES;
				CLANG_WARN_BLOCK_CAPTURE_AUTORELEASING = YES;
				CLANG_WARN_BOOL_CONVERSION = YES;
				CLANG_WARN_COMMA = YES;
				CLANG_WARN_CONSTANT_CONVERSION = YES;
				CLANG_WARN_DEPRECATED_OBJC_IMPLEMENTATIONS = YES;
				CLANG_WARN_DIRECT_OBJC_ISA_USAGE = YES_ERROR;
				CLANG_WARN_DOCUMENTATION_COMMENTS = YES;
				CLANG_WARN_EMPTY_BODY = YES;
				CLANG_WARN_ENUM_CONVERSION = YES;
				CLANG_WARN_INFINITE_RECURSION = YES;
				CLANG_WARN_INT_CONVERSION = YES;
				CLANG_WARN_NON_LITERAL_NULL_CONVERSION = YES;
				CLANG_WARN_OBJC_IMPLICIT_RETAIN_SELF = YES;
				CLANG_WARN_OBJC_LITERAL_CONVERSION = YES;
				CLANG_WARN_OBJC_ROOT_CLASS = YES_ERROR;
				CLANG_WARN_QUOTED_INCLUDE_IN_FRAMEWORK_HEADER = YES;
				CLANG_WARN_RANGE_LOOP_ANALYSIS = YES;
				CLANG_WARN_STRICT_PROTOTYPES = YES;
				CLANG_WARN_SUSPICIOUS_MOVE = YES;
				CLANG_WARN_UNGUARDED_AVAILABILITY = YES_AGGRESSIVE;
				CLANG_WARN_UNREACHABLE_CODE = YES;
				CLANG_WARN__DUPLICATE_METHOD_MATCH = YES;
				COPY_PHASE_STRIP = NO;
				DEBUG_INFORMATION_FORMAT = "dwarf-with-dsym";
				ENABLE_NS_ASSERTIONS = NO;
				ENABLE_STRICT_OBJC_MSGSEND = YES;
				ENABLE_USER_SCRIPT_SANDBOXING = YES;
				GCC_C_LANGUAGE_STANDARD = gnu17;
				GCC_NO_COMMON_BLOCKS = YES;
				GCC_WARN_64_TO_32_BIT_CONVERSION = YES;
				GCC_WARN_ABOUT_RETURN_TYPE = YES_ERROR;
				GCC_WARN_UNDECLARED_SELECTOR = YES;
				GCC_WARN_UNINITIALIZED_AUTOS = YES_AGGRESSIVE;
				GCC_WARN_UNUSED_FUNCTION = YES;
				GCC_WARN_UNUSED_VARIABLE = YES;
				IPHONEOS_DEPLOYMENT_TARGET = 16.0;
				LOCALIZATION_PREFERS_STRING_CATALOGS = YES;
				MTL_ENABLE_DEBUG_INFO = NO;
				MTL_FAST_MATH = YES;
				SDKROOT = iphoneos;
				SWIFT_COMPILATION_MODE = wholemodule;
				VALIDATE_PRODUCT = YES;
			};
			name = Release;
		};
		5BD924612B68EEF50027B869 /* Debug */ = {
			isa = XCBuildConfiguration;
			baseConfigurationReference = 5B742CA82B6A6F580083E804 /* dev.xcconfig */;
			buildSettings = {
				ASSETCATALOG_COMPILER_APPICON_NAME = AppIcon;
				ASSETCATALOG_COMPILER_GLOBAL_ACCENT_COLOR_NAME = AccentColor;
				CODE_SIGN_STYLE = Automatic;
				CURRENT_PROJECT_VERSION = 1;
				DEVELOPMENT_TEAM = KLQU7UH9UP;
				GENERATE_INFOPLIST_FILE = YES;
				INFOPLIST_FILE = SeSAC_Day26_Assignment/Info.plist;
				INFOPLIST_KEY_UIApplicationSupportsIndirectInputEvents = YES;
				INFOPLIST_KEY_UILaunchStoryboardName = LaunchScreen;
				INFOPLIST_KEY_UISupportedInterfaceOrientations_iPad = "UIInterfaceOrientationPortrait UIInterfaceOrientationPortraitUpsideDown UIInterfaceOrientationLandscapeLeft UIInterfaceOrientationLandscapeRight";
				INFOPLIST_KEY_UISupportedInterfaceOrientations_iPhone = "UIInterfaceOrientationPortrait UIInterfaceOrientationLandscapeLeft UIInterfaceOrientationLandscapeRight";
				LD_RUNPATH_SEARCH_PATHS = (
					"$(inherited)",
					"@executable_path/Frameworks",
				);
				MARKETING_VERSION = 1.0;
				PRODUCT_BUNDLE_IDENTIFIER = "com.jeonghi.SeSAC-Day26-Assignment";
				PRODUCT_NAME = "$(TARGET_NAME)";
				SWIFT_EMIT_LOC_STRINGS = YES;
				SWIFT_VERSION = 5.0;
				TARGETED_DEVICE_FAMILY = "1,2";
			};
			name = Debug;
		};
		5BD924622B68EEF50027B869 /* Release */ = {
			isa = XCBuildConfiguration;
			baseConfigurationReference = 5B742CA92B6A6F7C0083E804 /* prod.xcconfig */;
			buildSettings = {
				ASSETCATALOG_COMPILER_APPICON_NAME = AppIcon;
				ASSETCATALOG_COMPILER_GLOBAL_ACCENT_COLOR_NAME = AccentColor;
				CODE_SIGN_STYLE = Automatic;
				CURRENT_PROJECT_VERSION = 1;
				DEVELOPMENT_TEAM = KLQU7UH9UP;
				GENERATE_INFOPLIST_FILE = YES;
				INFOPLIST_FILE = SeSAC_Day26_Assignment/Info.plist;
				INFOPLIST_KEY_UIApplicationSupportsIndirectInputEvents = YES;
				INFOPLIST_KEY_UILaunchStoryboardName = LaunchScreen;
				INFOPLIST_KEY_UISupportedInterfaceOrientations_iPad = "UIInterfaceOrientationPortrait UIInterfaceOrientationPortraitUpsideDown UIInterfaceOrientationLandscapeLeft UIInterfaceOrientationLandscapeRight";
				INFOPLIST_KEY_UISupportedInterfaceOrientations_iPhone = "UIInterfaceOrientationPortrait UIInterfaceOrientationLandscapeLeft UIInterfaceOrientationLandscapeRight";
				LD_RUNPATH_SEARCH_PATHS = (
					"$(inherited)",
					"@executable_path/Frameworks",
				);
				MARKETING_VERSION = 1.0;
				PRODUCT_BUNDLE_IDENTIFIER = "com.jeonghi.SeSAC-Day26-Assignment";
				PRODUCT_NAME = "$(TARGET_NAME)";
				SWIFT_EMIT_LOC_STRINGS = YES;
				SWIFT_VERSION = 5.0;
				TARGETED_DEVICE_FAMILY = "1,2";
			};
			name = Release;
		};
/* End XCBuildConfiguration section */

/* Begin XCConfigurationList section */
		5BD924472B68EEF40027B869 /* Build configuration list for PBXProject "SeSAC_Day26_Assignment" */ = {
			isa = XCConfigurationList;
			buildConfigurations = (
				5BD9245E2B68EEF50027B869 /* Debug */,
				5BD9245F2B68EEF50027B869 /* Release */,
			);
			defaultConfigurationIsVisible = 0;
			defaultConfigurationName = Release;
		};
		5BD924602B68EEF50027B869 /* Build configuration list for PBXNativeTarget "SeSAC_Day26_Assignment" */ = {
			isa = XCConfigurationList;
			buildConfigurations = (
				5BD924612B68EEF50027B869 /* Debug */,
				5BD924622B68EEF50027B869 /* Release */,
			);
			defaultConfigurationIsVisible = 0;
			defaultConfigurationName = Release;
		};
/* End XCConfigurationList section */

/* Begin XCRemoteSwiftPackageReference section */
		5B7F97EE2B6B40A0005359C9 /* XCRemoteSwiftPackageReference "Kingfisher" */ = {
			isa = XCRemoteSwiftPackageReference;
			repositoryURL = "https://github.com/onevcat/Kingfisher.git";
			requirement = {
				kind = upToNextMajorVersion;
				minimumVersion = 7.10.2;
			};
		};
		5BD9246A2B6900DB0027B869 /* XCRemoteSwiftPackageReference "Alamofire" */ = {
			isa = XCRemoteSwiftPackageReference;
			repositoryURL = "https://github.com/Alamofire/Alamofire.git";
			requirement = {
				kind = upToNextMajorVersion;
				minimumVersion = 5.8.1;
			};
		};
		5BD9246D2B6900E90027B869 /* XCRemoteSwiftPackageReference "Then" */ = {
			isa = XCRemoteSwiftPackageReference;
			repositoryURL = "https://github.com/devxoul/Then";
			requirement = {
				kind = upToNextMajorVersion;
				minimumVersion = 3.0.0;
			};
		};
		5BE6DD5D2B6BB77600EFA7E7 /* XCRemoteSwiftPackageReference "SnapKit" */ = {
			isa = XCRemoteSwiftPackageReference;
			repositoryURL = "https://github.com/SnapKit/SnapKit.git";
			requirement = {
				kind = upToNextMajorVersion;
				minimumVersion = 5.7.0;
			};
		};
/* End XCRemoteSwiftPackageReference section */

/* Begin XCSwiftPackageProductDependency section */
		5B7F97EF2B6B40A0005359C9 /* Kingfisher */ = {
			isa = XCSwiftPackageProductDependency;
			package = 5B7F97EE2B6B40A0005359C9 /* XCRemoteSwiftPackageReference "Kingfisher" */;
			productName = Kingfisher;
		};
		5BD9246B2B6900DB0027B869 /* Alamofire */ = {
			isa = XCSwiftPackageProductDependency;
			package = 5BD9246A2B6900DB0027B869 /* XCRemoteSwiftPackageReference "Alamofire" */;
			productName = Alamofire;
		};
		5BD9246E2B6900E90027B869 /* Then */ = {
			isa = XCSwiftPackageProductDependency;
			package = 5BD9246D2B6900E90027B869 /* XCRemoteSwiftPackageReference "Then" */;
			productName = Then;
		};
		5BE6DD5E2B6BB77600EFA7E7 /* SnapKit */ = {
			isa = XCSwiftPackageProductDependency;
			package = 5BE6DD5D2B6BB77600EFA7E7 /* XCRemoteSwiftPackageReference "SnapKit" */;
			productName = SnapKit;
		};
/* End XCSwiftPackageProductDependency section */
	};
	rootObject = 5BD924442B68EEF40027B869 /* Project object */;
}
